
Microsoft Visual Studio Solution File, Format Version 12.00
# Visual Studio Version 17
VisualStudioVersion = 17.6.33801.468
MinimumVisualStudioVersion = 10.0.40219.1
Project("{FAE04EC0-301F-11D3-BF4B-00C04F79EFBC}") = "Autoria-2-AnaLucia", "Autoria-2-AnaLucia\Autoria-2-AnaLucia.csproj", "{D13E391C-5C83-4013-BECA-E146E7CB4CF5}"
EndProject
Global
	GlobalSection(SolutionConfigurationPlatforms) = preSolution
		Debug|Any CPU = Debug|Any CPU
		Release|Any CPU = Release|Any CPU
	EndGlobalSection
	GlobalSection(ProjectConfigurationPlatforms) = postSolution
		{D13E391C-5C83-4013-BECA-E146E7CB4CF5}.Debug|Any CPU.ActiveCfg = Debug|Any CPU
		{D13E391C-5C83-4013-BECA-E146E7CB4CF5}.Debug|Any CPU.Build.0 = Debug|Any CPU
		{D13E391C-5C83-4013-BECA-E146E7CB4CF5}.Release|Any CPU.ActiveCfg = Release|Any CPU
		{D13E391C-5C83-4013-BECA-E146E7CB4CF5}.Release|Any CPU.Build.0 = Release|Any CPU
	EndGlobalSection
	GlobalSection(SolutionProperties) = preSolution
		HideSolutionNode = FALSE
	EndGlobalSection
	GlobalSection(ExtensibilityGlobals) = postSolution
		SolutionGuid = {486981CC-E209-41B7-84EE-F32F3DA5DCA3}
	EndGlobalSection
EndGlobal
